// !$*UTF8*$!
{
	archiveVersion = 1;
	classes = {
	};
	objectVersion = 50;
	objects = {

/* Begin PBXBuildFile section */
		585BCD4B269D5D19004B7BA5 /* AppDelegate.swift in Sources */ = {isa = PBXBuildFile; fileRef = 585BCD4A269D5D19004B7BA5 /* AppDelegate.swift */; };
		585BCD4D269D5D19004B7BA5 /* SceneDelegate.swift in Sources */ = {isa = PBXBuildFile; fileRef = 585BCD4C269D5D19004B7BA5 /* SceneDelegate.swift */; };
		585BCD4F269D5D19004B7BA5 /* MainController.swift in Sources */ = {isa = PBXBuildFile; fileRef = 585BCD4E269D5D19004B7BA5 /* MainController.swift */; };
		585BCD52269D5D19004B7BA5 /* Main.storyboard in Resources */ = {isa = PBXBuildFile; fileRef = 585BCD50269D5D19004B7BA5 /* Main.storyboard */; };
		585BCD54269D5D1B004B7BA5 /* Assets.xcassets in Resources */ = {isa = PBXBuildFile; fileRef = 585BCD53269D5D1B004B7BA5 /* Assets.xcassets */; };
		585BCD57269D5D1B004B7BA5 /* LaunchScreen.storyboard in Resources */ = {isa = PBXBuildFile; fileRef = 585BCD55269D5D1B004B7BA5 /* LaunchScreen.storyboard */; };
		585BCD60269D6767004B7BA5 /* Question.swift in Sources */ = {isa = PBXBuildFile; fileRef = 585BCD5F269D6767004B7BA5 /* Question.swift */; };
		585BCD65269D7252004B7BA5 /* GameController.swift in Sources */ = {isa = PBXBuildFile; fileRef = 585BCD64269D7252004B7BA5 /* GameController.swift */; };
		585BCD6A269D7D6E004B7BA5 /* AnswerViewCell.swift in Sources */ = {isa = PBXBuildFile; fileRef = 585BCD68269D7D6E004B7BA5 /* AnswerViewCell.swift */; };
		585BCD6E269EC5A5004B7BA5 /* GameSingleton.swift in Sources */ = {isa = PBXBuildFile; fileRef = 585BCD6D269EC5A5004B7BA5 /* GameSingleton.swift */; };
		585BCD71269EE150004B7BA5 /* GameSession.swift in Sources */ = {isa = PBXBuildFile; fileRef = 585BCD70269EE150004B7BA5 /* GameSession.swift */; };
		585BCD7326A03353004B7BA5 /* Statistic.swift in Sources */ = {isa = PBXBuildFile; fileRef = 585BCD7226A03353004B7BA5 /* Statistic.swift */; };
		CE69B5FB26A2E558008F4EEC /* SettingsController.swift in Sources */ = {isa = PBXBuildFile; fileRef = CE69B5FA26A2E558008F4EEC /* SettingsController.swift */; };
		CE69B60026A32D84008F4EEC /* SequenceEnum.swift in Sources */ = {isa = PBXBuildFile; fileRef = CE69B5FF26A32D84008F4EEC /* SequenceEnum.swift */; };
		CE69B60326A334E5008F4EEC /* CreateQuestionsStrategy.swift in Sources */ = {isa = PBXBuildFile; fileRef = CE69B60226A334E5008F4EEC /* CreateQuestionsStrategy.swift */; };
		CE69B60526A3391D008F4EEC /* Observable.swift in Sources */ = {isa = PBXBuildFile; fileRef = CE69B60426A3391D008F4EEC /* Observable.swift */; };
		CE69B60726A3608A008F4EEC /* QuestionsCaretaker.swift in Sources */ = {isa = PBXBuildFile; fileRef = CE69B60626A3608A008F4EEC /* QuestionsCaretaker.swift */; };
		CE69B60A26A43356008F4EEC /* StatisticController.swift in Sources */ = {isa = PBXBuildFile; fileRef = CE69B60926A43356008F4EEC /* StatisticController.swift */; };
		CE69B60C26A4386C008F4EEC /* StatisticCell.swift in Sources */ = {isa = PBXBuildFile; fileRef = CE69B60B26A4386C008F4EEC /* StatisticCell.swift */; };
		CE9DBB8E26A0CAE7009C4FBB /* StatisticCaretaker.swift in Sources */ = {isa = PBXBuildFile; fileRef = CE9DBB8D26A0CAE7009C4FBB /* StatisticCaretaker.swift */; };
/* End PBXBuildFile section */

/* Begin PBXFileReference section */
		585BCD47269D5D19004B7BA5 /* QuestionsAnswers.app */ = {isa = PBXFileReference; explicitFileType = wrapper.application; includeInIndex = 0; path = QuestionsAnswers.app; sourceTree = BUILT_PRODUCTS_DIR; };
		585BCD4A269D5D19004B7BA5 /* AppDelegate.swift */ = {isa = PBXFileReference; lastKnownFileType = sourcecode.swift; path = AppDelegate.swift; sourceTree = "<group>"; };
		585BCD4C269D5D19004B7BA5 /* SceneDelegate.swift */ = {isa = PBXFileReference; lastKnownFileType = sourcecode.swift; path = SceneDelegate.swift; sourceTree = "<group>"; };
		585BCD4E269D5D19004B7BA5 /* MainController.swift */ = {isa = PBXFileReference; lastKnownFileType = sourcecode.swift; path = MainController.swift; sourceTree = "<group>"; };
		585BCD51269D5D19004B7BA5 /* Base */ = {isa = PBXFileReference; lastKnownFileType = file.storyboard; name = Base; path = Base.lproj/Main.storyboard; sourceTree = "<group>"; };
		585BCD53269D5D1B004B7BA5 /* Assets.xcassets */ = {isa = PBXFileReference; lastKnownFileType = folder.assetcatalog; path = Assets.xcassets; sourceTree = "<group>"; };
		585BCD56269D5D1B004B7BA5 /* Base */ = {isa = PBXFileReference; lastKnownFileType = file.storyboard; name = Base; path = Base.lproj/LaunchScreen.storyboard; sourceTree = "<group>"; };
		585BCD58269D5D1B004B7BA5 /* Info.plist */ = {isa = PBXFileReference; lastKnownFileType = text.plist.xml; path = Info.plist; sourceTree = "<group>"; };
		585BCD5F269D6767004B7BA5 /* Question.swift */ = {isa = PBXFileReference; lastKnownFileType = sourcecode.swift; path = Question.swift; sourceTree = "<group>"; };
		585BCD64269D7252004B7BA5 /* GameController.swift */ = {isa = PBXFileReference; lastKnownFileType = sourcecode.swift; path = GameController.swift; sourceTree = "<group>"; };
		585BCD68269D7D6E004B7BA5 /* AnswerViewCell.swift */ = {isa = PBXFileReference; lastKnownFileType = sourcecode.swift; path = AnswerViewCell.swift; sourceTree = "<group>"; };
		585BCD6D269EC5A5004B7BA5 /* GameSingleton.swift */ = {isa = PBXFileReference; lastKnownFileType = sourcecode.swift; path = GameSingleton.swift; sourceTree = "<group>"; };
		585BCD70269EE150004B7BA5 /* GameSession.swift */ = {isa = PBXFileReference; lastKnownFileType = sourcecode.swift; path = GameSession.swift; sourceTree = "<group>"; };
		585BCD7226A03353004B7BA5 /* Statistic.swift */ = {isa = PBXFileReference; lastKnownFileType = sourcecode.swift; path = Statistic.swift; sourceTree = "<group>"; };
		CE69B5FA26A2E558008F4EEC /* SettingsController.swift */ = {isa = PBXFileReference; fileEncoding = 4; lastKnownFileType = sourcecode.swift; path = SettingsController.swift; sourceTree = "<group>"; };
		CE69B5FF26A32D84008F4EEC /* SequenceEnum.swift */ = {isa = PBXFileReference; lastKnownFileType = sourcecode.swift; path = SequenceEnum.swift; sourceTree = "<group>"; };
		CE69B60226A334E5008F4EEC /* CreateQuestionsStrategy.swift */ = {isa = PBXFileReference; lastKnownFileType = sourcecode.swift; path = CreateQuestionsStrategy.swift; sourceTree = "<group>"; };
		CE69B60426A3391D008F4EEC /* Observable.swift */ = {isa = PBXFileReference; lastKnownFileType = sourcecode.swift; path = Observable.swift; sourceTree = "<group>"; };
		CE69B60626A3608A008F4EEC /* QuestionsCaretaker.swift */ = {isa = PBXFileReference; lastKnownFileType = sourcecode.swift; path = QuestionsCaretaker.swift; sourceTree = "<group>"; };
		CE69B60926A43356008F4EEC /* StatisticController.swift */ = {isa = PBXFileReference; lastKnownFileType = sourcecode.swift; path = StatisticController.swift; sourceTree = "<group>"; };
		CE69B60B26A4386C008F4EEC /* StatisticCell.swift */ = {isa = PBXFileReference; lastKnownFileType = sourcecode.swift; path = StatisticCell.swift; sourceTree = "<group>"; };
		CE9DBB8D26A0CAE7009C4FBB /* StatisticCaretaker.swift */ = {isa = PBXFileReference; lastKnownFileType = sourcecode.swift; path = StatisticCaretaker.swift; sourceTree = "<group>"; };
/* End PBXFileReference section */

/* Begin PBXFrameworksBuildPhase section */
		585BCD44269D5D19004B7BA5 /* Frameworks */ = {
			isa = PBXFrameworksBuildPhase;
			buildActionMask = 2147483647;
			files = (
			);
			runOnlyForDeploymentPostprocessing = 0;
		};
/* End PBXFrameworksBuildPhase section */

/* Begin PBXGroup section */
		585BCD3E269D5D19004B7BA5 = {
			isa = PBXGroup;
			children = (
				585BCD49269D5D19004B7BA5 /* QuestionsAnswers */,
				585BCD48269D5D19004B7BA5 /* Products */,
			);
			sourceTree = "<group>";
		};
		585BCD48269D5D19004B7BA5 /* Products */ = {
			isa = PBXGroup;
			children = (
				585BCD47269D5D19004B7BA5 /* QuestionsAnswers.app */,
			);
			name = Products;
			sourceTree = "<group>";
		};
		585BCD49269D5D19004B7BA5 /* QuestionsAnswers */ = {
			isa = PBXGroup;
			children = (
				585BCD6C269EC4CE004B7BA5 /* App */,
				585BCD66269D7D14004B7BA5 /* Components */,
				585BCD5E269D6580004B7BA5 /* Models */,
				CE69B5FC26A2E574008F4EEC /* Services */,
				585BCD50269D5D19004B7BA5 /* Main.storyboard */,
				585BCD53269D5D1B004B7BA5 /* Assets.xcassets */,
				585BCD55269D5D1B004B7BA5 /* LaunchScreen.storyboard */,
				585BCD58269D5D1B004B7BA5 /* Info.plist */,
			);
			path = QuestionsAnswers;
			sourceTree = "<group>";
		};
		585BCD5E269D6580004B7BA5 /* Models */ = {
			isa = PBXGroup;
			children = (
				585BCD5F269D6767004B7BA5 /* Question.swift */,
				585BCD6D269EC5A5004B7BA5 /* GameSingleton.swift */,
				585BCD70269EE150004B7BA5 /* GameSession.swift */,
				585BCD7226A03353004B7BA5 /* Statistic.swift */,
			);
			path = Models;
			sourceTree = "<group>";
		};
		585BCD66269D7D14004B7BA5 /* Components */ = {
			isa = PBXGroup;
			children = (
				CE69B60826A4332F008F4EEC /* Statistic */,
				CE69B60126A32D8D008F4EEC /* Common */,
				CE69B5F926A2E558008F4EEC /* Settings */,
				585BCD6F269ECD4A004B7BA5 /* Main */,
				585BCD67269D7D20004B7BA5 /* Game */,
			);
			path = Components;
			sourceTree = "<group>";
		};
		585BCD67269D7D20004B7BA5 /* Game */ = {
			isa = PBXGroup;
			children = (
				585BCD64269D7252004B7BA5 /* GameController.swift */,
				585BCD68269D7D6E004B7BA5 /* AnswerViewCell.swift */,
			);
			path = Game;
			sourceTree = "<group>";
		};
		585BCD6C269EC4CE004B7BA5 /* App */ = {
			isa = PBXGroup;
			children = (
				585BCD4A269D5D19004B7BA5 /* AppDelegate.swift */,
				585BCD4C269D5D19004B7BA5 /* SceneDelegate.swift */,
			);
			path = App;
			sourceTree = "<group>";
		};
		585BCD6F269ECD4A004B7BA5 /* Main */ = {
			isa = PBXGroup;
			children = (
				585BCD4E269D5D19004B7BA5 /* MainController.swift */,
			);
			path = Main;
			sourceTree = "<group>";
		};
		CE69B5F926A2E558008F4EEC /* Settings */ = {
			isa = PBXGroup;
			children = (
				CE69B5FA26A2E558008F4EEC /* SettingsController.swift */,
			);
			name = Settings;
			path = QuestionsAnswers/Components/Settings;
			sourceTree = SOURCE_ROOT;
		};
		CE69B5FC26A2E574008F4EEC /* Services */ = {
			isa = PBXGroup;
			children = (
				CE9DBB8D26A0CAE7009C4FBB /* StatisticCaretaker.swift */,
				CE69B60226A334E5008F4EEC /* CreateQuestionsStrategy.swift */,
				CE69B60426A3391D008F4EEC /* Observable.swift */,
				CE69B60626A3608A008F4EEC /* QuestionsCaretaker.swift */,
			);
			path = Services;
			sourceTree = SOURCE_ROOT;
		};
		CE69B60126A32D8D008F4EEC /* Common */ = {
			isa = PBXGroup;
			children = (
				CE69B5FF26A32D84008F4EEC /* SequenceEnum.swift */,
			);
			path = Common;
			sourceTree = "<group>";
		};
		CE69B60826A4332F008F4EEC /* Statistic */ = {
			isa = PBXGroup;
			children = (
				CE69B60926A43356008F4EEC /* StatisticController.swift */,
				CE69B60B26A4386C008F4EEC /* StatisticCell.swift */,
			);
			path = Statistic;
			sourceTree = "<group>";
		};
/* End PBXGroup section */

/* Begin PBXNativeTarget section */
		585BCD46269D5D19004B7BA5 /* QuestionsAnswers */ = {
			isa = PBXNativeTarget;
			buildConfigurationList = 585BCD5B269D5D1B004B7BA5 /* Build configuration list for PBXNativeTarget "QuestionsAnswers" */;
			buildPhases = (
				585BCD43269D5D19004B7BA5 /* Sources */,
				585BCD44269D5D19004B7BA5 /* Frameworks */,
				585BCD45269D5D19004B7BA5 /* Resources */,
			);
			buildRules = (
			);
			dependencies = (
			);
			name = QuestionsAnswers;
			productName = QuestionsAnswers;
			productReference = 585BCD47269D5D19004B7BA5 /* QuestionsAnswers.app */;
			productType = "com.apple.product-type.application";
		};
/* End PBXNativeTarget section */

/* Begin PBXProject section */
		585BCD3F269D5D19004B7BA5 /* Project object */ = {
			isa = PBXProject;
			attributes = {
				LastSwiftUpdateCheck = 1250;
				LastUpgradeCheck = 1250;
				TargetAttributes = {
					585BCD46269D5D19004B7BA5 = {
						CreatedOnToolsVersion = 12.5.1;
					};
				};
			};
			buildConfigurationList = 585BCD42269D5D19004B7BA5 /* Build configuration list for PBXProject "QuestionsAnswers" */;
			compatibilityVersion = "Xcode 9.3";
			developmentRegion = en;
			hasScannedForEncodings = 0;
			knownRegions = (
				en,
				Base,
			);
			mainGroup = 585BCD3E269D5D19004B7BA5;
			productRefGroup = 585BCD48269D5D19004B7BA5 /* Products */;
			projectDirPath = "";
			projectRoot = "";
			targets = (
				585BCD46269D5D19004B7BA5 /* QuestionsAnswers */,
			);
		};
/* End PBXProject section */

/* Begin PBXResourcesBuildPhase section */
		585BCD45269D5D19004B7BA5 /* Resources */ = {
			isa = PBXResourcesBuildPhase;
			buildActionMask = 2147483647;
			files = (
				585BCD57269D5D1B004B7BA5 /* LaunchScreen.storyboard in Resources */,
				585BCD54269D5D1B004B7BA5 /* Assets.xcassets in Resources */,
				585BCD52269D5D19004B7BA5 /* Main.storyboard in Resources */,
			);
			runOnlyForDeploymentPostprocessing = 0;
		};
/* End PBXResourcesBuildPhase section */

/* Begin PBXSourcesBuildPhase section */
		585BCD43269D5D19004B7BA5 /* Sources */ = {
			isa = PBXSourcesBuildPhase;
			buildActionMask = 2147483647;
			files = (
				CE69B60A26A43356008F4EEC /* StatisticController.swift in Sources */,
				585BCD7326A03353004B7BA5 /* Statistic.swift in Sources */,
				585BCD4F269D5D19004B7BA5 /* MainController.swift in Sources */,
				CE69B60726A3608A008F4EEC /* QuestionsCaretaker.swift in Sources */,
				CE69B60026A32D84008F4EEC /* SequenceEnum.swift in Sources */,
				585BCD65269D7252004B7BA5 /* GameController.swift in Sources */,
				585BCD71269EE150004B7BA5 /* GameSession.swift in Sources */,
				585BCD60269D6767004B7BA5 /* Question.swift in Sources */,
				CE69B5FB26A2E558008F4EEC /* SettingsController.swift in Sources */,
				CE9DBB8E26A0CAE7009C4FBB /* StatisticCaretaker.swift in Sources */,
				585BCD4B269D5D19004B7BA5 /* AppDelegate.swift in Sources */,
				585BCD6A269D7D6E004B7BA5 /* AnswerViewCell.swift in Sources */,
				CE69B60526A3391D008F4EEC /* Observable.swift in Sources */,
				585BCD6E269EC5A5004B7BA5 /* GameSingleton.swift in Sources */,
				CE69B60C26A4386C008F4EEC /* StatisticCell.swift in Sources */,
				CE69B60326A334E5008F4EEC /* CreateQuestionsStrategy.swift in Sources */,
				585BCD4D269D5D19004B7BA5 /* SceneDelegate.swift in Sources */,
			);
			runOnlyForDeploymentPostprocessing = 0;
		};
/* End PBXSourcesBuildPhase section */

/* Begin PBXVariantGroup section */
		585BCD50269D5D19004B7BA5 /* Main.storyboard */ = {
			isa = PBXVariantGroup;
			children = (
				585BCD51269D5D19004B7BA5 /* Base */,
			);
			name = Main.storyboard;
			sourceTree = "<group>";
		};
		585BCD55269D5D1B004B7BA5 /* LaunchScreen.storyboard */ = {
			isa = PBXVariantGroup;
			children = (
				585BCD56269D5D1B004B7BA5 /* Base */,
			);
			name = LaunchScreen.storyboard;
			sourceTree = "<group>";
		};
/* End PBXVariantGroup section */

/* Begin XCBuildConfiguration section */
		585BCD59269D5D1B004B7BA5 /* Debug */ = {
			isa = XCBuildConfiguration;
			buildSettings = {
				ALWAYS_SEARCH_USER_PATHS = NO;
				CLANG_ANALYZER_NONNULL = YES;
				CLANG_ANALYZER_NUMBER_OBJECT_CONVERSION = YES_AGGRESSIVE;
				CLANG_CXX_LANGUAGE_STANDARD = "gnu++14";
				CLANG_CXX_LIBRARY = "libc++";
				CLANG_ENABLE_MODULES = YES;
				CLANG_ENABLE_OBJC_ARC = YES;
				CLANG_ENABLE_OBJC_WEAK = YES;
				CLANG_WARN_BLOCK_CAPTURE_AUTORELEASING = YES;
				CLANG_WARN_BOOL_CONVERSION = YES;
				CLANG_WARN_COMMA = YES;
				CLANG_WARN_CONSTANT_CONVERSION = YES;
				CLANG_WARN_DEPRECATED_OBJC_IMPLEMENTATIONS = YES;
				CLANG_WARN_DIRECT_OBJC_ISA_USAGE = YES_ERROR;
				CLANG_WARN_DOCUMENTATION_COMMENTS = YES;
				CLANG_WARN_EMPTY_BODY = YES;
				CLANG_WARN_ENUM_CONVERSION = YES;
				CLANG_WARN_INFINITE_RECURSION = YES;
				CLANG_WARN_INT_CONVERSION = YES;
				CLANG_WARN_NON_LITERAL_NULL_CONVERSION = YES;
				CLANG_WARN_OBJC_IMPLICIT_RETAIN_SELF = YES;
				CLANG_WARN_OBJC_LITERAL_CONVERSION = YES;
				CLANG_WARN_OBJC_ROOT_CLASS = YES_ERROR;
				CLANG_WARN_QUOTED_INCLUDE_IN_FRAMEWORK_HEADER = YES;
				CLANG_WARN_RANGE_LOOP_ANALYSIS = YES;
				CLANG_WARN_STRICT_PROTOTYPES = YES;
				CLANG_WARN_SUSPICIOUS_MOVE = YES;
				CLANG_WARN_UNGUARDED_AVAILABILITY = YES_AGGRESSIVE;
				CLANG_WARN_UNREACHABLE_CODE = YES;
				CLANG_WARN__DUPLICATE_METHOD_MATCH = YES;
				COPY_PHASE_STRIP = NO;
				DEBUG_INFORMATION_FORMAT = dwarf;
				ENABLE_STRICT_OBJC_MSGSEND = YES;
				ENABLE_TESTABILITY = YES;
				GCC_C_LANGUAGE_STANDARD = gnu11;
				GCC_DYNAMIC_NO_PIC = NO;
				GCC_NO_COMMON_BLOCKS = YES;
				GCC_OPTIMIZATION_LEVEL = 0;
				GCC_PREPROCESSOR_DEFINITIONS = (
					"DEBUG=1",
					"$(inherited)",
				);
				GCC_WARN_64_TO_32_BIT_CONVERSION = YES;
				GCC_WARN_ABOUT_RETURN_TYPE = YES_ERROR;
				GCC_WARN_UNDECLARED_SELECTOR = YES;
				GCC_WARN_UNINITIALIZED_AUTOS = YES_AGGRESSIVE;
				GCC_WARN_UNUSED_FUNCTION = YES;
				GCC_WARN_UNUSED_VARIABLE = YES;
				IPHONEOS_DEPLOYMENT_TARGET = 14.5;
				MTL_ENABLE_DEBUG_INFO = INCLUDE_SOURCE;
				MTL_FAST_MATH = YES;
				ONLY_ACTIVE_ARCH = YES;
				SDKROOT = iphoneos;
				SWIFT_ACTIVE_COMPILATION_CONDITIONS = DEBUG;
				SWIFT_OPTIMIZATION_LEVEL = "-Onone";
			};
			name = Debug;
		};
		585BCD5A269D5D1B004B7BA5 /* Release */ = {
			isa = XCBuildConfiguration;
			buildSettings = {
				ALWAYS_SEARCH_USER_PATHS = NO;
				CLANG_ANALYZER_NONNULL = YES;
				CLANG_ANALYZER_NUMBER_OBJECT_CONVERSION = YES_AGGRESSIVE;
				CLANG_CXX_LANGUAGE_STANDARD = "gnu++14";
				CLANG_CXX_LIBRARY = "libc++";
				CLANG_ENABLE_MODULES = YES;
				CLANG_ENABLE_OBJC_ARC = YES;
				CLANG_ENABLE_OBJC_WEAK = YES;
				CLANG_WARN_BLOCK_CAPTURE_AUTORELEASING = YES;
				CLANG_WARN_BOOL_CONVERSION = YES;
				CLANG_WARN_COMMA = YES;
				CLANG_WARN_CONSTANT_CONVERSION = YES;
				CLANG_WARN_DEPRECATED_OBJC_IMPLEMENTATIONS = YES;
				CLANG_WARN_DIRECT_OBJC_ISA_USAGE = YES_ERROR;
				CLANG_WARN_DOCUMENTATION_COMMENTS = YES;
				CLANG_WARN_EMPTY_BODY = YES;
				CLANG_WARN_ENUM_CONVERSION = YES;
				CLANG_WARN_INFINITE_RECURSION = YES;
				CLANG_WARN_INT_CONVERSION = YES;
				CLANG_WARN_NON_LITERAL_NULL_CONVERSION = YES;
				CLANG_WARN_OBJC_IMPLICIT_RETAIN_SELF = YES;
				CLANG_WARN_OBJC_LITERAL_CONVERSION = YES;
				CLANG_WARN_OBJC_ROOT_CLASS = YES_ERROR;
				CLANG_WARN_QUOTED_INCLUDE_IN_FRAMEWORK_HEADER = YES;
				CLANG_WARN_RANGE_LOOP_ANALYSIS = YES;
				CLANG_WARN_STRICT_PROTOTYPES = YES;
				CLANG_WARN_SUSPICIOUS_MOVE = YES;
				CLANG_WARN_UNGUARDED_AVAILABILITY = YES_AGGRESSIVE;
				CLANG_WARN_UNREACHABLE_CODE = YES;
				CLANG_WARN__DUPLICATE_METHOD_MATCH = YES;
				COPY_PHASE_STRIP = NO;
				DEBUG_INFORMATION_FORMAT = "dwarf-with-dsym";
				ENABLE_NS_ASSERTIONS = NO;
				ENABLE_STRICT_OBJC_MSGSEND = YES;
				GCC_C_LANGUAGE_STANDARD = gnu11;
				GCC_NO_COMMON_BLOCKS = YES;
				GCC_WARN_64_TO_32_BIT_CONVERSION = YES;
				GCC_WARN_ABOUT_RETURN_TYPE = YES_ERROR;
				GCC_WARN_UNDECLARED_SELECTOR = YES;
				GCC_WARN_UNINITIALIZED_AUTOS = YES_AGGRESSIVE;
				GCC_WARN_UNUSED_FUNCTION = YES;
				GCC_WARN_UNUSED_VARIABLE = YES;
				IPHONEOS_DEPLOYMENT_TARGET = 14.5;
				MTL_ENABLE_DEBUG_INFO = NO;
				MTL_FAST_MATH = YES;
				SDKROOT = iphoneos;
				SWIFT_COMPILATION_MODE = wholemodule;
				SWIFT_OPTIMIZATION_LEVEL = "-O";
				VALIDATE_PRODUCT = YES;
			};
			name = Release;
		};
		585BCD5C269D5D1B004B7BA5 /* Debug */ = {
			isa = XCBuildConfiguration;
			buildSettings = {
				ASSETCATALOG_COMPILER_APPICON_NAME = AppIcon;
				ASSETCATALOG_COMPILER_GLOBAL_ACCENT_COLOR_NAME = AccentColor;
				CODE_SIGN_STYLE = Automatic;
				INFOPLIST_FILE = QuestionsAnswers/Info.plist;
				LD_RUNPATH_SEARCH_PATHS = (
					"$(inherited)",
					"@executable_path/Frameworks",
				);
				PRODUCT_BUNDLE_IDENTIFIER = "-.QuestionsAnswers";
				PRODUCT_NAME = "$(TARGET_NAME)";
				SWIFT_VERSION = 5.0;
				TARGETED_DEVICE_FAMILY = "1,2";
			};
			name = Debug;
		};
		585BCD5D269D5D1B004B7BA5 /* Release */ = {
			isa = XCBuildConfiguration;
			buildSettings = {
				ASSETCATALOG_COMPILER_APPICON_NAME = AppIcon;
				ASSETCATALOG_COMPILER_GLOBAL_ACCENT_COLOR_NAME = AccentColor;
				CODE_SIGN_STYLE = Automatic;
				INFOPLIST_FILE = QuestionsAnswers/Info.plist;
				LD_RUNPATH_SEARCH_PATHS = (
					"$(inherited)",
					"@executable_path/Frameworks",
				);
				PRODUCT_BUNDLE_IDENTIFIER = "-.QuestionsAnswers";
				PRODUCT_NAME = "$(TARGET_NAME)";
				SWIFT_VERSION = 5.0;
				TARGETED_DEVICE_FAMILY = "1,2";
			};
			name = Release;
		};
/* End XCBuildConfiguration section */

/* Begin XCConfigurationList section */
		585BCD42269D5D19004B7BA5 /* Build configuration list for PBXProject "QuestionsAnswers" */ = {
			isa = XCConfigurationList;
			buildConfigurations = (
				585BCD59269D5D1B004B7BA5 /* Debug */,
				585BCD5A269D5D1B004B7BA5 /* Release */,
			);
			defaultConfigurationIsVisible = 0;
			defaultConfigurationName = Release;
		};
		585BCD5B269D5D1B004B7BA5 /* Build configuration list for PBXNativeTarget "QuestionsAnswers" */ = {
			isa = XCConfigurationList;
			buildConfigurations = (
				585BCD5C269D5D1B004B7BA5 /* Debug */,
				585BCD5D269D5D1B004B7BA5 /* Release */,
			);
			defaultConfigurationIsVisible = 0;
			defaultConfigurationName = Release;
		};
/* End XCConfigurationList section */
	};
	rootObject = 585BCD3F269D5D19004B7BA5 /* Project object */;
}
